// !$*UTF8*$!
{
	archiveVersion = 1;
	classes = {
	};
	objectVersion = 56;
	objects = {

/* Begin PBXBuildFile section */
		44487CC729E56B1A00BB7271 /* AppDelegate.swift in Sources */ = {isa = PBXBuildFile; fileRef = 44487CC629E56B1A00BB7271 /* AppDelegate.swift */; };
		44487CC929E56B1A00BB7271 /* SceneDelegate.swift in Sources */ = {isa = PBXBuildFile; fileRef = 44487CC829E56B1A00BB7271 /* SceneDelegate.swift */; };
		44487CCB29E56B1A00BB7271 /* ViewController.swift in Sources */ = {isa = PBXBuildFile; fileRef = 44487CCA29E56B1A00BB7271 /* ViewController.swift */; };
		44487CCE29E56B1A00BB7271 /* Main.storyboard in Resources */ = {isa = PBXBuildFile; fileRef = 44487CCC29E56B1A00BB7271 /* Main.storyboard */; };
		44487CD029E56B1C00BB7271 /* Assets.xcassets in Resources */ = {isa = PBXBuildFile; fileRef = 44487CCF29E56B1C00BB7271 /* Assets.xcassets */; };
		44487CD329E56B1C00BB7271 /* LaunchScreen.storyboard in Resources */ = {isa = PBXBuildFile; fileRef = 44487CD129E56B1C00BB7271 /* LaunchScreen.storyboard */; };
		44487CDB29E56BA400BB7271 /*  coins.jpeg in Resources */ = {isa = PBXBuildFile; fileRef = 44487CDA29E56BA400BB7271 /*  coins.jpeg */; };
		44487CDD29E56D7B00BB7271 /* coinData.swift in Sources */ = {isa = PBXBuildFile; fileRef = 44487CDC29E56D7B00BB7271 /* coinData.swift */; };
		44487CDF29E5744100BB7271 /* CoinStructure.swift in Sources */ = {isa = PBXBuildFile; fileRef = 44487CDE29E5744100BB7271 /* CoinStructure.swift */; };
		44487CE129E57D8300BB7271 /* coinInfo.swift in Sources */ = {isa = PBXBuildFile; fileRef = 44487CE029E57D8300BB7271 /* coinInfo.swift */; };
/* End PBXBuildFile section */

/* Begin PBXFileReference section */
		44487CC329E56B1A00BB7271 /* bitcointest.app */ = {isa = PBXFileReference; explicitFileType = wrapper.application; includeInIndex = 0; path = bitcointest.app; sourceTree = BUILT_PRODUCTS_DIR; };
		44487CC629E56B1A00BB7271 /* AppDelegate.swift */ = {isa = PBXFileReference; lastKnownFileType = sourcecode.swift; path = AppDelegate.swift; sourceTree = "<group>"; };
		44487CC829E56B1A00BB7271 /* SceneDelegate.swift */ = {isa = PBXFileReference; lastKnownFileType = sourcecode.swift; path = SceneDelegate.swift; sourceTree = "<group>"; };
		44487CCA29E56B1A00BB7271 /* ViewController.swift */ = {isa = PBXFileReference; lastKnownFileType = sourcecode.swift; path = ViewController.swift; sourceTree = "<group>"; };
		44487CCD29E56B1A00BB7271 /* Base */ = {isa = PBXFileReference; lastKnownFileType = file.storyboard; name = Base; path = Base.lproj/Main.storyboard; sourceTree = "<group>"; };
		44487CCF29E56B1C00BB7271 /* Assets.xcassets */ = {isa = PBXFileReference; lastKnownFileType = folder.assetcatalog; path = Assets.xcassets; sourceTree = "<group>"; };
		44487CD229E56B1C00BB7271 /* Base */ = {isa = PBXFileReference; lastKnownFileType = file.storyboard; name = Base; path = Base.lproj/LaunchScreen.storyboard; sourceTree = "<group>"; };
		44487CD429E56B1C00BB7271 /* Info.plist */ = {isa = PBXFileReference; lastKnownFileType = text.plist.xml; path = Info.plist; sourceTree = "<group>"; };
		44487CDA29E56BA400BB7271 /*  coins.jpeg */ = {isa = PBXFileReference; lastKnownFileType = image.jpeg; path = " coins.jpeg"; sourceTree = "<group>"; };
		44487CDC29E56D7B00BB7271 /* coinData.swift */ = {isa = PBXFileReference; lastKnownFileType = sourcecode.swift; path = coinData.swift; sourceTree = "<group>"; };
		44487CDE29E5744100BB7271 /* CoinStructure.swift */ = {isa = PBXFileReference; lastKnownFileType = sourcecode.swift; path = CoinStructure.swift; sourceTree = "<group>"; };
		44487CE029E57D8300BB7271 /* coinInfo.swift */ = {isa = PBXFileReference; lastKnownFileType = sourcecode.swift; path = coinInfo.swift; sourceTree = "<group>"; };
/* End PBXFileReference section */

/* Begin PBXFrameworksBuildPhase section */
		44487CC029E56B1A00BB7271 /* Frameworks */ = {
			isa = PBXFrameworksBuildPhase;
			buildActionMask = 2147483647;
			files = (
			);
			runOnlyForDeploymentPostprocessing = 0;
		};
/* End PBXFrameworksBuildPhase section */

/* Begin PBXGroup section */
		44487CBA29E56B1A00BB7271 = {
			isa = PBXGroup;
			children = (
				44487CC529E56B1A00BB7271 /* bitcointest */,
				44487CC429E56B1A00BB7271 /* Products */,
			);
			sourceTree = "<group>";
		};
		44487CC429E56B1A00BB7271 /* Products */ = {
			isa = PBXGroup;
			children = (
				44487CC329E56B1A00BB7271 /* bitcointest.app */,
			);
			name = Products;
			sourceTree = "<group>";
		};
		44487CC529E56B1A00BB7271 /* bitcointest */ = {
			isa = PBXGroup;
			children = (
				44487CC629E56B1A00BB7271 /* AppDelegate.swift */,
				44487CC829E56B1A00BB7271 /* SceneDelegate.swift */,
				44487CCA29E56B1A00BB7271 /* ViewController.swift */,
				44487CDC29E56D7B00BB7271 /* coinData.swift */,
				44487CDE29E5744100BB7271 /* CoinStructure.swift */,
				44487CE029E57D8300BB7271 /* coinInfo.swift */,
				44487CCC29E56B1A00BB7271 /* Main.storyboard */,
				44487CDA29E56BA400BB7271 /*  coins.jpeg */,
				44487CCF29E56B1C00BB7271 /* Assets.xcassets */,
				44487CD129E56B1C00BB7271 /* LaunchScreen.storyboard */,
				44487CD429E56B1C00BB7271 /* Info.plist */,
			);
			path = bitcointest;
			sourceTree = "<group>";
		};
/* End PBXGroup section */

/* Begin PBXNativeTarget section */
		44487CC229E56B1A00BB7271 /* bitcointest */ = {
			isa = PBXNativeTarget;
			buildConfigurationList = 44487CD729E56B1C00BB7271 /* Build configuration list for PBXNativeTarget "bitcointest" */;
			buildPhases = (
				44487CBF29E56B1A00BB7271 /* Sources */,
				44487CC029E56B1A00BB7271 /* Frameworks */,
				44487CC129E56B1A00BB7271 /* Resources */,
			);
			buildRules = (
			);
			dependencies = (
			);
			name = bitcointest;
			productName = bitcointest;
			productReference = 44487CC329E56B1A00BB7271 /* bitcointest.app */;
			productType = "com.apple.product-type.application";
		};
/* End PBXNativeTarget section */

/* Begin PBXProject section */
		44487CBB29E56B1A00BB7271 /* Project object */ = {
			isa = PBXProject;
			attributes = {
				BuildIndependentTargetsInParallel = 1;
				LastSwiftUpdateCheck = 1420;
				LastUpgradeCheck = 1420;
				TargetAttributes = {
					44487CC229E56B1A00BB7271 = {
						CreatedOnToolsVersion = 14.2;
					};
				};
			};
			buildConfigurationList = 44487CBE29E56B1A00BB7271 /* Build configuration list for PBXProject "bitcointest" */;
			compatibilityVersion = "Xcode 14.0";
			developmentRegion = en;
			hasScannedForEncodings = 0;
			knownRegions = (
				en,
				Base,
			);
			mainGroup = 44487CBA29E56B1A00BB7271;
			productRefGroup = 44487CC429E56B1A00BB7271 /* Products */;
			projectDirPath = "";
			projectRoot = "";
			targets = (
				44487CC229E56B1A00BB7271 /* bitcointest */,
			);
		};
/* End PBXProject section */

/* Begin PBXResourcesBuildPhase section */
		44487CC129E56B1A00BB7271 /* Resources */ = {
			isa = PBXResourcesBuildPhase;
			buildActionMask = 2147483647;
			files = (
				44487CD329E56B1C00BB7271 /* LaunchScreen.storyboard in Resources */,
				44487CD029E56B1C00BB7271 /* Assets.xcassets in Resources */,
				44487CCE29E56B1A00BB7271 /* Main.storyboard in Resources */,
				44487CDB29E56BA400BB7271 /*  coins.jpeg in Resources */,
			);
			runOnlyForDeploymentPostprocessing = 0;
		};
/* End PBXResourcesBuildPhase section */

/* Begin PBXSourcesBuildPhase section */
		44487CBF29E56B1A00BB7271 /* Sources */ = {
			isa = PBXSourcesBuildPhase;
			buildActionMask = 2147483647;
			files = (
				44487CE129E57D8300BB7271 /* coinInfo.swift in Sources */,
				44487CDD29E56D7B00BB7271 /* coinData.swift in Sources */,
				44487CCB29E56B1A00BB7271 /* ViewController.swift in Sources */,
				44487CC729E56B1A00BB7271 /* AppDelegate.swift in Sources */,
				44487CC929E56B1A00BB7271 /* SceneDelegate.swift in Sources */,
				44487CDF29E5744100BB7271 /* CoinStructure.swift in Sources */,
			);
			runOnlyForDeploymentPostprocessing = 0;
		};
/* End PBXSourcesBuildPhase section */

/* Begin PBXVariantGroup section */
		44487CCC29E56B1A00BB7271 /* Main.storyboard */ = {
			isa = PBXVariantGroup;
			children = (
				44487CCD29E56B1A00BB7271 /* Base */,
			);
			name = Main.storyboard;
			sourceTree = "<group>";
		};
		44487CD129E56B1C00BB7271 /* LaunchScreen.storyboard */ = {
			isa = PBXVariantGroup;
			children = (
				44487CD229E56B1C00BB7271 /* Base */,
			);
			name = LaunchScreen.storyboard;
			sourceTree = "<group>";
		};
/* End PBXVariantGroup section */

/* Begin XCBuildConfiguration section */
		44487CD529E56B1C00BB7271 /* Debug */ = {
			isa = XCBuildConfiguration;
			buildSettings = {
				ALWAYS_SEARCH_USER_PATHS = NO;
				CLANG_ANALYZER_NONNULL = YES;
				CLANG_ANALYZER_NUMBER_OBJECT_CONVERSION = YES_AGGRESSIVE;
				CLANG_CXX_LANGUAGE_STANDARD = "gnu++20";
				CLANG_ENABLE_MODULES = YES;
				CLANG_ENABLE_OBJC_ARC = YES;
				CLANG_ENABLE_OBJC_WEAK = YES;
				CLANG_WARN_BLOCK_CAPTURE_AUTORELEASING = YES;
				CLANG_WARN_BOOL_CONVERSION = YES;
				CLANG_WARN_COMMA = YES;
				CLANG_WARN_CONSTANT_CONVERSION = YES;
				CLANG_WARN_DEPRECATED_OBJC_IMPLEMENTATIONS = YES;
				CLANG_WARN_DIRECT_OBJC_ISA_USAGE = YES_ERROR;
				CLANG_WARN_DOCUMENTATION_COMMENTS = YES;
				CLANG_WARN_EMPTY_BODY = YES;
				CLANG_WARN_ENUM_CONVERSION = YES;
				CLANG_WARN_INFINITE_RECURSION = YES;
				CLANG_WARN_INT_CONVERSION = YES;
				CLANG_WARN_NON_LITERAL_NULL_CONVERSION = YES;
				CLANG_WARN_OBJC_IMPLICIT_RETAIN_SELF = YES;
				CLANG_WARN_OBJC_LITERAL_CONVERSION = YES;
				CLANG_WARN_OBJC_ROOT_CLASS = YES_ERROR;
				CLANG_WARN_QUOTED_INCLUDE_IN_FRAMEWORK_HEADER = YES;
				CLANG_WARN_RANGE_LOOP_ANALYSIS = YES;
				CLANG_WARN_STRICT_PROTOTYPES = YES;
				CLANG_WARN_SUSPICIOUS_MOVE = YES;
				CLANG_WARN_UNGUARDED_AVAILABILITY = YES_AGGRESSIVE;
				CLANG_WARN_UNREACHABLE_CODE = YES;
				CLANG_WARN__DUPLICATE_METHOD_MATCH = YES;
				COPY_PHASE_STRIP = NO;
				DEBUG_INFORMATION_FORMAT = dwarf;
				ENABLE_STRICT_OBJC_MSGSEND = YES;
				ENABLE_TESTABILITY = YES;
				GCC_C_LANGUAGE_STANDARD = gnu11;
				GCC_DYNAMIC_NO_PIC = NO;
				GCC_NO_COMMON_BLOCKS = YES;
				GCC_OPTIMIZATION_LEVEL = 0;
				GCC_PREPROCESSOR_DEFINITIONS = (
					"DEBUG=1",
					"$(inherited)",
				);
				GCC_WARN_64_TO_32_BIT_CONVERSION = YES;
				GCC_WARN_ABOUT_RETURN_TYPE = YES_ERROR;
				GCC_WARN_UNDECLARED_SELECTOR = YES;
				GCC_WARN_UNINITIALIZED_AUTOS = YES_AGGRESSIVE;
				GCC_WARN_UNUSED_FUNCTION = YES;
				GCC_WARN_UNUSED_VARIABLE = YES;
				IPHONEOS_DEPLOYMENT_TARGET = 16.2;
				MTL_ENABLE_DEBUG_INFO = INCLUDE_SOURCE;
				MTL_FAST_MATH = YES;
				ONLY_ACTIVE_ARCH = YES;
				SDKROOT = iphoneos;
				SWIFT_ACTIVE_COMPILATION_CONDITIONS = DEBUG;
				SWIFT_OPTIMIZATION_LEVEL = "-Onone";
			};
			name = Debug;
		};
		44487CD629E56B1C00BB7271 /* Release */ = {
			isa = XCBuildConfiguration;
			buildSettings = {
				ALWAYS_SEARCH_USER_PATHS = NO;
				CLANG_ANALYZER_NONNULL = YES;
				CLANG_ANALYZER_NUMBER_OBJECT_CONVERSION = YES_AGGRESSIVE;
				CLANG_CXX_LANGUAGE_STANDARD = "gnu++20";
				CLANG_ENABLE_MODULES = YES;
				CLANG_ENABLE_OBJC_ARC = YES;
				CLANG_ENABLE_OBJC_WEAK = YES;
				CLANG_WARN_BLOCK_CAPTURE_AUTORELEASING = YES;
				CLANG_WARN_BOOL_CONVERSION = YES;
				CLANG_WARN_COMMA = YES;
				CLANG_WARN_CONSTANT_CONVERSION = YES;
				CLANG_WARN_DEPRECATED_OBJC_IMPLEMENTATIONS = YES;
				CLANG_WARN_DIRECT_OBJC_ISA_USAGE = YES_ERROR;
				CLANG_WARN_DOCUMENTATION_COMMENTS = YES;
				CLANG_WARN_EMPTY_BODY = YES;
				CLANG_WARN_ENUM_CONVERSION = YES;
				CLANG_WARN_INFINITE_RECURSION = YES;
				CLANG_WARN_INT_CONVERSION = YES;
				CLANG_WARN_NON_LITERAL_NULL_CONVERSION = YES;
				CLANG_WARN_OBJC_IMPLICIT_RETAIN_SELF = YES;
				CLANG_WARN_OBJC_LITERAL_CONVERSION = YES;
				CLANG_WARN_OBJC_ROOT_CLASS = YES_ERROR;
				CLANG_WARN_QUOTED_INCLUDE_IN_FRAMEWORK_HEADER = YES;
				CLANG_WARN_RANGE_LOOP_ANALYSIS = YES;
				CLANG_WARN_STRICT_PROTOTYPES = YES;
				CLANG_WARN_SUSPICIOUS_MOVE = YES;
				CLANG_WARN_UNGUARDED_AVAILABILITY = YES_AGGRESSIVE;
				CLANG_WARN_UNREACHABLE_CODE = YES;
				CLANG_WARN__DUPLICATE_METHOD_MATCH = YES;
				COPY_PHASE_STRIP = NO;
				DEBUG_INFORMATION_FORMAT = "dwarf-with-dsym";
				ENABLE_NS_ASSERTIONS = NO;
				ENABLE_STRICT_OBJC_MSGSEND = YES;
				GCC_C_LANGUAGE_STANDARD = gnu11;
				GCC_NO_COMMON_BLOCKS = YES;
				GCC_WARN_64_TO_32_BIT_CONVERSION = YES;
				GCC_WARN_ABOUT_RETURN_TYPE = YES_ERROR;
				GCC_WARN_UNDECLARED_SELECTOR = YES;
				GCC_WARN_UNINITIALIZED_AUTOS = YES_AGGRESSIVE;
				GCC_WARN_UNUSED_FUNCTION = YES;
				GCC_WARN_UNUSED_VARIABLE = YES;
				IPHONEOS_DEPLOYMENT_TARGET = 16.2;
				MTL_ENABLE_DEBUG_INFO = NO;
				MTL_FAST_MATH = YES;
				SDKROOT = iphoneos;
				SWIFT_COMPILATION_MODE = wholemodule;
				SWIFT_OPTIMIZATION_LEVEL = "-O";
				VALIDATE_PRODUCT = YES;
			};
			name = Release;
		};
		44487CD829E56B1C00BB7271 /* Debug */ = {
			isa = XCBuildConfiguration;
			buildSettings = {
				ASSETCATALOG_COMPILER_APPICON_NAME = AppIcon;
				ASSETCATALOG_COMPILER_GLOBAL_ACCENT_COLOR_NAME = AccentColor;
				CODE_SIGN_STYLE = Automatic;
				CURRENT_PROJECT_VERSION = 1;
				GENERATE_INFOPLIST_FILE = YES;
				INFOPLIST_FILE = bitcointest/Info.plist;
				INFOPLIST_KEY_UIApplicationSupportsIndirectInputEvents = YES;
				INFOPLIST_KEY_UILaunchStoryboardName = LaunchScreen;
				INFOPLIST_KEY_UIMainStoryboardFile = Main;
				INFOPLIST_KEY_UISupportedInterfaceOrientations_iPad = "UIInterfaceOrientationPortrait UIInterfaceOrientationPortraitUpsideDown UIInterfaceOrientationLandscapeLeft UIInterfaceOrientationLandscapeRight";
				INFOPLIST_KEY_UISupportedInterfaceOrientations_iPhone = "UIInterfaceOrientationPortrait UIInterfaceOrientationLandscapeLeft UIInterfaceOrientationLandscapeRight";
				LD_RUNPATH_SEARCH_PATHS = (
					"$(inherited)",
					"@executable_path/Frameworks",
				);
				MARKETING_VERSION = 1.0;
				PRODUCT_BUNDLE_IDENTIFIER = com.suraj.bitcointest;
				PRODUCT_NAME = "$(TARGET_NAME)";
				SWIFT_EMIT_LOC_STRINGS = YES;
				SWIFT_VERSION = 5.0;
				TARGETED_DEVICE_FAMILY = "1,2";
			};
			name = Debug;
		};
		44487CD929E56B1C00BB7271 /* Release */ = {
			isa = XCBuildConfiguration;
			buildSettings = {
				ASSETCATALOG_COMPILER_APPICON_NAME = AppIcon;
				ASSETCATALOG_COMPILER_GLOBAL_ACCENT_COLOR_NAME = AccentColor;
				CODE_SIGN_STYLE = Automatic;
				CURRENT_PROJECT_VERSION = 1;
				GENERATE_INFOPLIST_FILE = YES;
				INFOPLIST_FILE = bitcointest/Info.plist;
				INFOPLIST_KEY_UIApplicationSupportsIndirectInputEvents = YES;
				INFOPLIST_KEY_UILaunchStoryboardName = LaunchScreen;
				INFOPLIST_KEY_UIMainStoryboardFile = Main;
				INFOPLIST_KEY_UISupportedInterfaceOrientations_iPad = "UIInterfaceOrientationPortrait UIInterfaceOrientationPortraitUpsideDown UIInterfaceOrientationLandscapeLeft UIInterfaceOrientationLandscapeRight";
				INFOPLIST_KEY_UISupportedInterfaceOrientations_iPhone = "UIInterfaceOrientationPortrait UIInterfaceOrientationLandscapeLeft UIInterfaceOrientationLandscapeRight";
				LD_RUNPATH_SEARCH_PATHS = (
					"$(inherited)",
					"@executable_path/Frameworks",
				);
				MARKETING_VERSION = 1.0;
				PRODUCT_BUNDLE_IDENTIFIER = com.suraj.bitcointest;
				PRODUCT_NAME = "$(TARGET_NAME)";
				SWIFT_EMIT_LOC_STRINGS = YES;
				SWIFT_VERSION = 5.0;
				TARGETED_DEVICE_FAMILY = "1,2";
			};
			name = Release;
		};
/* End XCBuildConfiguration section */

/* Begin XCConfigurationList section */
		44487CBE29E56B1A00BB7271 /* Build configuration list for PBXProject "bitcointest" */ = {
			isa = XCConfigurationList;
			buildConfigurations = (
				44487CD529E56B1C00BB7271 /* Debug */,
				44487CD629E56B1C00BB7271 /* Release */,
			);
			defaultConfigurationIsVisible = 0;
			defaultConfigurationName = Release;
		};
		44487CD729E56B1C00BB7271 /* Build configuration list for PBXNativeTarget "bitcointest" */ = {
			isa = XCConfigurationList;
			buildConfigurations = (
				44487CD829E56B1C00BB7271 /* Debug */,
				44487CD929E56B1C00BB7271 /* Release */,
			);
			defaultConfigurationIsVisible = 0;
			defaultConfigurationName = Release;
		};
/* End XCConfigurationList section */
	};
	rootObject = 44487CBB29E56B1A00BB7271 /* Project object */;
}
